
Microsoft Visual Studio Solution File, Format Version 12.00
# Visual Studio Version 16
VisualStudioVersion = 16.0.33529.622
MinimumVisualStudioVersion = 10.0.40219.1
Project("{8BC9CEB8-8B4A-11D0-8D11-00A0C91BC942}") = "practicenewsc", "practicenewsc.vcxproj", "{3BCCC303-1285-4D2B-B839-5FE4DB0BC285}"
EndProject
Global
	GlobalSection(SolutionConfigurationPlatforms) = preSolution
		Debug|x64 = Debug|x64
		Debug|x86 = Debug|x86
		Release|x64 = Release|x64
		Release|x86 = Release|x86
	EndGlobalSection
	GlobalSection(ProjectConfigurationPlatforms) = postSolution
		{3BCCC303-1285-4D2B-B839-5FE4DB0BC285}.Debug|x64.ActiveCfg = Debug|x64
		{3BCCC303-1285-4D2B-B839-5FE4DB0BC285}.Debug|x64.Build.0 = Debug|x64
		{3BCCC303-1285-4D2B-B839-5FE4DB0BC285}.Debug|x86.ActiveCfg = Debug|Win32
		{3BCCC303-1285-4D2B-B839-5FE4DB0BC285}.Debug|x86.Build.0 = Debug|Win32
		{3BCCC303-1285-4D2B-B839-5FE4DB0BC285}.Release|x64.ActiveCfg = Release|x64
		{3BCCC303-1285-4D2B-B839-5FE4DB0BC285}.Release|x64.Build.0 = Release|x64
		{3BCCC303-1285-4D2B-B839-5FE4DB0BC285}.Release|x86.ActiveCfg = Release|Win32
		{3BCCC303-1285-4D2B-B839-5FE4DB0BC285}.Release|x86.Build.0 = Release|Win32
	EndGlobalSection
	GlobalSection(SolutionProperties) = preSolution
		HideSolutionNode = FALSE
	EndGlobalSection
	GlobalSection(ExtensibilityGlobals) = postSolution
		SolutionGuid = {C29F3164-0E9E-4CDC-89CC-96AA08F67B5A}
	EndGlobalSection
EndGlobal
